
Microsoft Visual Studio Solution File, Format Version 12.00
# Visual Studio 15
VisualStudioVersion = 15.0.28307.960
MinimumVisualStudioVersion = 10.0.40219.1
Project("{FAE04EC0-301F-11D3-BF4B-00C04F79EFBC}") = "RealEstateManagement", "RealEstateManagement\RealEstateManagement.csproj", "{E4B1C590-077B-4676-ACF7-D8FABA51AD84}"
EndProject
Project("{FAE04EC0-301F-11D3-BF4B-00C04F79EFBC}") = "RealEstateManagement.Tests", "RealEstateManagement.Tests\RealEstateManagement.Tests.csproj", "{FAA40127-82A7-4443-9A25-03C771B08546}"
EndProject
Global
	GlobalSection(SolutionConfigurationPlatforms) = preSolution
		Debug|Any CPU = Debug|Any CPU
		Release|Any CPU = Release|Any CPU
	EndGlobalSection
	GlobalSection(ProjectConfigurationPlatforms) = postSolution
		{E4B1C590-077B-4676-ACF7-D8FABA51AD84}.Debug|Any CPU.ActiveCfg = Debug|Any CPU
		{E4B1C590-077B-4676-ACF7-D8FABA51AD84}.Debug|Any CPU.Build.0 = Debug|Any CPU
		{E4B1C590-077B-4676-ACF7-D8FABA51AD84}.Release|Any CPU.ActiveCfg = Release|Any CPU
		{E4B1C590-077B-4676-ACF7-D8FABA51AD84}.Release|Any CPU.Build.0 = Release|Any CPU
		{FAA40127-82A7-4443-9A25-03C771B08546}.Debug|Any CPU.ActiveCfg = Debug|Any CPU
		{FAA40127-82A7-4443-9A25-03C771B08546}.Debug|Any CPU.Build.0 = Debug|Any CPU
		{FAA40127-82A7-4443-9A25-03C771B08546}.Release|Any CPU.ActiveCfg = Release|Any CPU
		{FAA40127-82A7-4443-9A25-03C771B08546}.Release|Any CPU.Build.0 = Release|Any CPU
	EndGlobalSection
	GlobalSection(SolutionProperties) = preSolution
		HideSolutionNode = FALSE
	EndGlobalSection
	GlobalSection(ExtensibilityGlobals) = postSolution
		SolutionGuid = {D732DCC0-709B-4923-9322-B219809AC486}
	EndGlobalSection
EndGlobal
