
Microsoft Visual Studio Solution File, Format Version 12.00
# Visual Studio 15
VisualStudioVersion = 15.0.28307.960
MinimumVisualStudioVersion = 10.0.40219.1
Project("{FAE04EC0-301F-11D3-BF4B-00C04F79EFBC}") = "ImportTaxData", "ImportTaxData\ImportTaxData.csproj", "{2633270D-1478-499F-AAB2-1070CD5F5CD7}"
EndProject
Global
	GlobalSection(SolutionConfigurationPlatforms) = preSolution
		Debug|Any CPU = Debug|Any CPU
		Release|Any CPU = Release|Any CPU
	EndGlobalSection
	GlobalSection(ProjectConfigurationPlatforms) = postSolution
		{2633270D-1478-499F-AAB2-1070CD5F5CD7}.Debug|Any CPU.ActiveCfg = Debug|Any CPU
		{2633270D-1478-499F-AAB2-1070CD5F5CD7}.Debug|Any CPU.Build.0 = Debug|Any CPU
		{2633270D-1478-499F-AAB2-1070CD5F5CD7}.Release|Any CPU.ActiveCfg = Release|Any CPU
		{2633270D-1478-499F-AAB2-1070CD5F5CD7}.Release|Any CPU.Build.0 = Release|Any CPU
	EndGlobalSection
	GlobalSection(SolutionProperties) = preSolution
		HideSolutionNode = FALSE
	EndGlobalSection
	GlobalSection(ExtensibilityGlobals) = postSolution
		SolutionGuid = {12A27A6E-5CB4-4977-A313-A10E27348439}
	EndGlobalSection
EndGlobal
